
Microsoft Visual Studio Solution File, Format Version 12.00
# Visual Studio Version 16
VisualStudioVersion = 16.0.35425.106
MinimumVisualStudioVersion = 10.0.40219.1
Project("{FAE04EC0-301F-11D3-BF4B-00C04F79EFBC}") = "EmploymentAdmin", "EmloymentAdmin\EmploymentAdmin.csproj", "{1473E97B-90F2-4CBF-BC6E-D4E9FD149F39}"
EndProject
Global
	GlobalSection(SolutionConfigurationPlatforms) = preSolution
		Debug|Any CPU = Debug|Any CPU
		Release|Any CPU = Release|Any CPU
	EndGlobalSection
	GlobalSection(ProjectConfigurationPlatforms) = postSolution
		{1473E97B-90F2-4CBF-BC6E-D4E9FD149F39}.Debug|Any CPU.ActiveCfg = Debug|Any CPU
		{1473E97B-90F2-4CBF-BC6E-D4E9FD149F39}.Debug|Any CPU.Build.0 = Debug|Any CPU
		{1473E97B-90F2-4CBF-BC6E-D4E9FD149F39}.Release|Any CPU.ActiveCfg = Release|Any CPU
		{1473E97B-90F2-4CBF-BC6E-D4E9FD149F39}.Release|Any CPU.Build.0 = Release|Any CPU
	EndGlobalSection
	GlobalSection(SolutionProperties) = preSolution
		HideSolutionNode = FALSE
	EndGlobalSection
	GlobalSection(ExtensibilityGlobals) = postSolution
		SolutionGuid = {7AA7ACC9-B4A7-4D93-A891-35418FF8D5AF}
	EndGlobalSection
EndGlobal
